
Microsoft Visual Studio Solution File, Format Version 12.00
# Visual Studio 15
VisualStudioVersion = 15.0.27130.2010
MinimumVisualStudioVersion = 10.0.40219.1
Project("{9A19103F-16F7-4668-BE54-9A1E7A4F7556}") = "Coins", "Coins\Coins.csproj", "{08A94849-68C7-4A25-842F-BA459F22AF79}"
EndProject
Project("{9A19103F-16F7-4668-BE54-9A1E7A4F7556}") = "CoinsLib", "CoinsLib\CoinsLib.csproj", "{6B803DEB-EC75-4EA9-8196-4325AEE5F630}"
EndProject
Project("{FAE04EC0-301F-11D3-BF4B-00C04F79EFBC}") = "CoinsTest", "CoinsTests\CoinsTest.csproj", "{2D4BEF9B-7752-4998-8CAB-9DE1760EE329}"
EndProject
Project("{2150E333-8FDC-42A3-9474-1A3956D46DE8}") = "Scala", "Scala", "{6A18DDD5-3216-49FB-B13E-F3DD9078315F}"
ProjectSection(SolutionItems) = preProject
	Scala\Coins.scala = Scala\Coins.scala
EndProjectSection
EndProject
Project("{FAE04EC0-301F-11D3-BF4B-00C04F79EFBC}") = "Test3", "Test3\Test3.csproj", "{AA998004-2330-454D-8131-04E4F7687742}"
EndProject
Project("{FAE04EC0-301F-11D3-BF4B-00C04F79EFBC}") = "CSharpFastPFORCore", "CSharpFastPFOR\CSharpFastPFORCore\CSharpFastPFORCore.csproj", "{817DC5A9-4EAD-4BD1-9095-C50D98833FA7}"
EndProject
Global
	GlobalSection(SolutionConfigurationPlatforms) = preSolution
		Debug|Any CPU = Debug|Any CPU
		Release|Any CPU = Release|Any CPU
	EndGlobalSection
	GlobalSection(ProjectConfigurationPlatforms) = postSolution
		{08A94849-68C7-4A25-842F-BA459F22AF79}.Debug|Any CPU.ActiveCfg = Debug|Any CPU
		{08A94849-68C7-4A25-842F-BA459F22AF79}.Debug|Any CPU.Build.0 = Debug|Any CPU
		{08A94849-68C7-4A25-842F-BA459F22AF79}.Release|Any CPU.ActiveCfg = Release|Any CPU
		{08A94849-68C7-4A25-842F-BA459F22AF79}.Release|Any CPU.Build.0 = Release|Any CPU
		{6B803DEB-EC75-4EA9-8196-4325AEE5F630}.Debug|Any CPU.ActiveCfg = Debug|Any CPU
		{6B803DEB-EC75-4EA9-8196-4325AEE5F630}.Debug|Any CPU.Build.0 = Debug|Any CPU
		{6B803DEB-EC75-4EA9-8196-4325AEE5F630}.Release|Any CPU.ActiveCfg = Release|Any CPU
		{6B803DEB-EC75-4EA9-8196-4325AEE5F630}.Release|Any CPU.Build.0 = Release|Any CPU
		{2D4BEF9B-7752-4998-8CAB-9DE1760EE329}.Debug|Any CPU.ActiveCfg = Debug|Any CPU
		{2D4BEF9B-7752-4998-8CAB-9DE1760EE329}.Debug|Any CPU.Build.0 = Debug|Any CPU
		{2D4BEF9B-7752-4998-8CAB-9DE1760EE329}.Release|Any CPU.ActiveCfg = Release|Any CPU
		{2D4BEF9B-7752-4998-8CAB-9DE1760EE329}.Release|Any CPU.Build.0 = Release|Any CPU
		{AA998004-2330-454D-8131-04E4F7687742}.Debug|Any CPU.ActiveCfg = Debug|Any CPU
		{AA998004-2330-454D-8131-04E4F7687742}.Debug|Any CPU.Build.0 = Debug|Any CPU
		{AA998004-2330-454D-8131-04E4F7687742}.Release|Any CPU.ActiveCfg = Release|Any CPU
		{AA998004-2330-454D-8131-04E4F7687742}.Release|Any CPU.Build.0 = Release|Any CPU
		{817DC5A9-4EAD-4BD1-9095-C50D98833FA7}.Debug|Any CPU.ActiveCfg = Debug|Any CPU
		{817DC5A9-4EAD-4BD1-9095-C50D98833FA7}.Debug|Any CPU.Build.0 = Debug|Any CPU
		{817DC5A9-4EAD-4BD1-9095-C50D98833FA7}.Release|Any CPU.ActiveCfg = Release|Any CPU
		{817DC5A9-4EAD-4BD1-9095-C50D98833FA7}.Release|Any CPU.Build.0 = Release|Any CPU
	EndGlobalSection
	GlobalSection(SolutionProperties) = preSolution
		HideSolutionNode = FALSE
	EndGlobalSection
	GlobalSection(ExtensibilityGlobals) = postSolution
		SolutionGuid = {C3F8F0EB-6B8A-4193-9EEE-F1DA437F83C0}
	EndGlobalSection
EndGlobal
